
Microsoft Visual Studio Solution File, Format Version 12.00
# Visual Studio 15
VisualStudioVersion = 15.0.27428.2005
MinimumVisualStudioVersion = 10.0.40219.1
Project("{FAE04EC0-301F-11D3-BF4B-00C04F79EFBC}") = "EntityLab", "EntityLab\EntityLab.csproj", "{B5BFA471-2654-4EB6-B6B9-E7C8AD7887A0}"
EndProject
Global
	GlobalSection(SolutionConfigurationPlatforms) = preSolution
		Debug|Any CPU = Debug|Any CPU
		Release|Any CPU = Release|Any CPU
	EndGlobalSection
	GlobalSection(ProjectConfigurationPlatforms) = postSolution
		{B5BFA471-2654-4EB6-B6B9-E7C8AD7887A0}.Debug|Any CPU.ActiveCfg = Debug|Any CPU
		{B5BFA471-2654-4EB6-B6B9-E7C8AD7887A0}.Debug|Any CPU.Build.0 = Debug|Any CPU
		{B5BFA471-2654-4EB6-B6B9-E7C8AD7887A0}.Release|Any CPU.ActiveCfg = Release|Any CPU
		{B5BFA471-2654-4EB6-B6B9-E7C8AD7887A0}.Release|Any CPU.Build.0 = Release|Any CPU
	EndGlobalSection
	GlobalSection(SolutionProperties) = preSolution
		HideSolutionNode = FALSE
	EndGlobalSection
	GlobalSection(ExtensibilityGlobals) = postSolution
		SolutionGuid = {97DAEBDA-C9A5-4398-BE5E-AE328AAB1088}
	EndGlobalSection
EndGlobal
